
Microsoft Visual Studio Solution File, Format Version 12.00
# Visual Studio Version 16
VisualStudioVersion = 16.0.30413.136
MinimumVisualStudioVersion = 10.0.40219.1
Project("{FAE04EC0-301F-11D3-BF4B-00C04F79EFBC}") = "CloseMonitor", "CloseMonitor\CloseMonitor.csproj", "{B57E0A2C-B25D-46A6-8C06-19482BAFFAFF}"
EndProject
Project("{FAE04EC0-301F-11D3-BF4B-00C04F79EFBC}") = "关闭显示器", "关闭显示器\关闭显示器.csproj", "{1E27642D-177C-49DB-9469-4C4304D01019}"
EndProject
Global
	GlobalSection(SolutionConfigurationPlatforms) = preSolution
		Debug|Any CPU = Debug|Any CPU
		Release|Any CPU = Release|Any CPU
	EndGlobalSection
	GlobalSection(ProjectConfigurationPlatforms) = postSolution
		{B57E0A2C-B25D-46A6-8C06-19482BAFFAFF}.Debug|Any CPU.ActiveCfg = Debug|Any CPU
		{B57E0A2C-B25D-46A6-8C06-19482BAFFAFF}.Debug|Any CPU.Build.0 = Debug|Any CPU
		{B57E0A2C-B25D-46A6-8C06-19482BAFFAFF}.Release|Any CPU.ActiveCfg = Release|Any CPU
		{B57E0A2C-B25D-46A6-8C06-19482BAFFAFF}.Release|Any CPU.Build.0 = Release|Any CPU
		{1E27642D-177C-49DB-9469-4C4304D01019}.Debug|Any CPU.ActiveCfg = Debug|Any CPU
		{1E27642D-177C-49DB-9469-4C4304D01019}.Debug|Any CPU.Build.0 = Debug|Any CPU
		{1E27642D-177C-49DB-9469-4C4304D01019}.Release|Any CPU.ActiveCfg = Release|Any CPU
		{1E27642D-177C-49DB-9469-4C4304D01019}.Release|Any CPU.Build.0 = Release|Any CPU
	EndGlobalSection
	GlobalSection(SolutionProperties) = preSolution
		HideSolutionNode = FALSE
	EndGlobalSection
	GlobalSection(ExtensibilityGlobals) = postSolution
		SolutionGuid = {FB230C5E-57A6-49F5-9FD1-AD6AD3377432}
	EndGlobalSection
EndGlobal
